
Microsoft Visual Studio Solution File, Format Version 12.00
# Visual Studio Version 16
VisualStudioVersion = 16.0.32228.343
MinimumVisualStudioVersion = 10.0.40219.1
Project("{9A19103F-16F7-4668-BE54-9A1E7A4F7556}") = "StudentBlazorServer", "StudentBlazorServer\StudentBlazorServer.csproj", "{9E27F493-46CF-467C-84D9-7AE31D05F92F}"
EndProject
Project("{FAE04EC0-301F-11D3-BF4B-00C04F79EFBC}") = "DataAccessLibrary", "DataAccessLibrary\DataAccessLibrary.csproj", "{1D9323AC-9358-4360-A2C7-C21394E53DD1}"
EndProject
Global
	GlobalSection(SolutionConfigurationPlatforms) = preSolution
		Debug|Any CPU = Debug|Any CPU
		Release|Any CPU = Release|Any CPU
	EndGlobalSection
	GlobalSection(ProjectConfigurationPlatforms) = postSolution
		{9E27F493-46CF-467C-84D9-7AE31D05F92F}.Debug|Any CPU.ActiveCfg = Debug|Any CPU
		{9E27F493-46CF-467C-84D9-7AE31D05F92F}.Debug|Any CPU.Build.0 = Debug|Any CPU
		{9E27F493-46CF-467C-84D9-7AE31D05F92F}.Release|Any CPU.ActiveCfg = Release|Any CPU
		{9E27F493-46CF-467C-84D9-7AE31D05F92F}.Release|Any CPU.Build.0 = Release|Any CPU
		{1D9323AC-9358-4360-A2C7-C21394E53DD1}.Debug|Any CPU.ActiveCfg = Debug|Any CPU
		{1D9323AC-9358-4360-A2C7-C21394E53DD1}.Debug|Any CPU.Build.0 = Debug|Any CPU
		{1D9323AC-9358-4360-A2C7-C21394E53DD1}.Release|Any CPU.ActiveCfg = Release|Any CPU
		{1D9323AC-9358-4360-A2C7-C21394E53DD1}.Release|Any CPU.Build.0 = Release|Any CPU
	EndGlobalSection
	GlobalSection(SolutionProperties) = preSolution
		HideSolutionNode = FALSE
	EndGlobalSection
	GlobalSection(ExtensibilityGlobals) = postSolution
		SolutionGuid = {E23E42C7-5A0D-4B1F-B5BC-95F802816A70}
	EndGlobalSection
EndGlobal
